
Microsoft Visual Studio Solution File, Format Version 12.00
# Visual Studio Version 16
VisualStudioVersion = 16.0.30804.86
MinimumVisualStudioVersion = 10.0.40219.1
Project("{FAE04EC0-301F-11D3-BF4B-00C04F79EFBC}") = "Exemplo_04", "Exemplo_04\Exemplo_04.csproj", "{DDCF62C7-DE14-4DB7-8FC9-87B5D3050B3C}"
EndProject
Global
	GlobalSection(SolutionConfigurationPlatforms) = preSolution
		Debug|Any CPU = Debug|Any CPU
		Release|Any CPU = Release|Any CPU
	EndGlobalSection
	GlobalSection(ProjectConfigurationPlatforms) = postSolution
		{DDCF62C7-DE14-4DB7-8FC9-87B5D3050B3C}.Debug|Any CPU.ActiveCfg = Debug|Any CPU
		{DDCF62C7-DE14-4DB7-8FC9-87B5D3050B3C}.Debug|Any CPU.Build.0 = Debug|Any CPU
		{DDCF62C7-DE14-4DB7-8FC9-87B5D3050B3C}.Release|Any CPU.ActiveCfg = Release|Any CPU
		{DDCF62C7-DE14-4DB7-8FC9-87B5D3050B3C}.Release|Any CPU.Build.0 = Release|Any CPU
	EndGlobalSection
	GlobalSection(SolutionProperties) = preSolution
		HideSolutionNode = FALSE
	EndGlobalSection
	GlobalSection(ExtensibilityGlobals) = postSolution
		SolutionGuid = {7E572D52-A840-4BAB-AB66-36B597F9DE3F}
	EndGlobalSection
EndGlobal
