
Microsoft Visual Studio Solution File, Format Version 12.00
# Visual Studio Version 16
VisualStudioVersion = 16.0.30804.86
MinimumVisualStudioVersion = 10.0.40219.1
Project("{FAE04EC0-301F-11D3-BF4B-00C04F79EFBC}") = "Exemplo_03", "Exemplo_03\Exemplo_03.csproj", "{ACC2A5D5-C816-4644-9A50-2033EBF8C35D}"
EndProject
Global
	GlobalSection(SolutionConfigurationPlatforms) = preSolution
		Debug|Any CPU = Debug|Any CPU
		Release|Any CPU = Release|Any CPU
	EndGlobalSection
	GlobalSection(ProjectConfigurationPlatforms) = postSolution
		{ACC2A5D5-C816-4644-9A50-2033EBF8C35D}.Debug|Any CPU.ActiveCfg = Debug|Any CPU
		{ACC2A5D5-C816-4644-9A50-2033EBF8C35D}.Debug|Any CPU.Build.0 = Debug|Any CPU
		{ACC2A5D5-C816-4644-9A50-2033EBF8C35D}.Release|Any CPU.ActiveCfg = Release|Any CPU
		{ACC2A5D5-C816-4644-9A50-2033EBF8C35D}.Release|Any CPU.Build.0 = Release|Any CPU
	EndGlobalSection
	GlobalSection(SolutionProperties) = preSolution
		HideSolutionNode = FALSE
	EndGlobalSection
	GlobalSection(ExtensibilityGlobals) = postSolution
		SolutionGuid = {95CF6DEF-CCEE-40CE-BF41-61440C4B5B83}
	EndGlobalSection
EndGlobal
